{
  "name": "middleware",
  "version": "1.0.0",
  "lockfileVersion": 1,
  "requires": true,
  "dependencies": {
    "js-middleware": {
      "version": "0.3.1",
      "resolved": "https://registry.npmjs.org/js-middleware/-/js-middleware-0.3.1.tgz",
      "integrity": "sha1-l38aG43kEYr+LNYpMUEZSIjB/0A="
    }
  }
}
