# THIS IS AN AUTOGENERATED FILE. DO NOT EDIT THIS FILE DIRECTLY.
# yarn lockfile v1


agent-base@~4.2.0:
  version "4.2.1"
  resolved "https://registry.yarnpkg.com/agent-base/-/agent-base-4.2.1.tgz#d89e5999f797875674c07d87f260fc41e83e8ca9"
  dependencies:
    es6-promisify "^5.0.0"

es6-promise@^4.0.3:
  version "4.2.4"
  resolved "https://registry.yarnpkg.com/es6-promise/-/es6-promise-4.2.4.tgz#dc4221c2b16518760bd8c39a52d8f356fc00ed29"

es6-promisify@^5.0.0:
  version "5.0.0"
  resolved "https://registry.yarnpkg.com/es6-promisify/-/es6-promisify-5.0.0.tgz#5109d62f3e56ea967c4b63505aef08291c8a5203"
  dependencies:
    es6-promise "^4.0.3"

ip@^1.1.5:
  version "1.1.5"
  resolved "https://registry.yarnpkg.com/ip/-/ip-1.1.5.tgz#bdded70114290828c0a039e72ef25f5aaec4354a"

smart-buffer@^4.0.1:
  version "4.0.1"
  resolved "https://registry.yarnpkg.com/smart-buffer/-/smart-buffer-4.0.1.tgz#07ea1ca8d4db24eb4cac86537d7d18995221ace3"

socks-proxy-agent@^4.0.1:
  version "4.0.1"
  resolved "https://registry.yarnpkg.com/socks-proxy-agent/-/socks-proxy-agent-4.0.1.tgz#5936bf8b707a993079c6f37db2091821bffa6473"
  dependencies:
    agent-base "~4.2.0"
    socks "~2.2.0"

socks@~2.2.0:
  version "2.2.1"
  resolved "https://registry.yarnpkg.com/socks/-/socks-2.2.1.tgz#68ad678b3642fbc5d99c64c165bc561eab0215f9"
  dependencies:
    ip "^1.1.5"
    smart-buffer "^4.0.1"
