{
  "name": "nodeinputvalidator",
  "version": "1.0.0",
  "lockfileVersion": 1,
  "requires": true,
  "dependencies": {
    "file-type": {
      "version": "8.1.0",
      "resolved": "https://registry.npmjs.org/file-type/-/file-type-8.1.0.tgz",
      "integrity": "sha512-qyQ0pzAy78gVoJsmYeNgl8uH8yKhr1lVhW7JbzJmnlRi0I4R2eEDEJZVKG8agpDnLpacwNbDhLNG/LMdxHD2YQ=="
    },
    "fs-extra": {
      "version": "7.0.0",
      "resolved": "https://registry.npmjs.org/fs-extra/-/fs-extra-7.0.0.tgz",
      "integrity": "sha512-EglNDLRpmaTWiD/qraZn6HREAEAHJcJOmxNEYwq6xeMKnVMAy3GUcFB+wXt2C6k4CNvB/mP1y/U3dzvKKj5OtQ==",
      "requires": {
        "graceful-fs": "^4.1.2",
        "jsonfile": "^4.0.0",
        "universalify": "^0.1.0"
      }
    },
    "graceful-fs": {
      "version": "4.1.11",
      "resolved": "https://registry.npmjs.org/graceful-fs/-/graceful-fs-4.1.11.tgz",
      "integrity": "sha1-Dovf5NHduIVNZOBOp8AOKgJuVlg="
    },
    "jsonfile": {
      "version": "4.0.0",
      "resolved": "https://registry.npmjs.org/jsonfile/-/jsonfile-4.0.0.tgz",
      "integrity": "sha1-h3Gq4HmbZAdrdmQPygWPnBDjPss=",
      "requires": {
        "graceful-fs": "^4.1.6"
      }
    },
    "mime-db": {
      "version": "1.35.0",
      "resolved": "https://registry.npmjs.org/mime-db/-/mime-db-1.35.0.tgz",
      "integrity": "sha512-JWT/IcCTsB0Io3AhWUMjRqucrHSPsSf2xKLaRldJVULioggvkJvggZ3VXNNSRkCddE6D+BUI4HEIZIA2OjwIvg=="
    },
    "mime-types": {
      "version": "2.1.19",
      "resolved": "https://registry.npmjs.org/mime-types/-/mime-types-2.1.19.tgz",
      "integrity": "sha512-P1tKYHVSZ6uFo26mtnve4HQFE3koh1UWVkp8YUC+ESBHe945xWSoXuHHiGarDqcEZ+whpCDnlNw5LON0kLo+sw==",
      "requires": {
        "mime-db": "~1.35.0"
      }
    },
    "moment": {
      "version": "2.22.2",
      "resolved": "https://registry.npmjs.org/moment/-/moment-2.22.2.tgz",
      "integrity": "sha1-PCV/mDn8DpP/UxSWMiOeuQeD/2Y="
    },
    "node-input-validator": {
      "version": "2.0.3",
      "resolved": "https://registry.npmjs.org/node-input-validator/-/node-input-validator-2.0.3.tgz",
      "integrity": "sha512-JgUK0YbfRm+eaT8S4u5Yb4kqX4qDJtaAiYnttEF/d6OW5q0ZQnVrmD8x2V1UgdhOTEJq3aEss/XuVdwaAxQXMQ==",
      "requires": {
        "file-type": "^8",
        "mime-types": "^2.1.18",
        "moment": "^2.22.2",
        "read-chunk": "^2.1.0",
        "validator": "^10"
      }
    },
    "pify": {
      "version": "3.0.0",
      "resolved": "https://registry.npmjs.org/pify/-/pify-3.0.0.tgz",
      "integrity": "sha1-5aSs0sEB/fPZpNB/DbxNtJ3SgXY="
    },
    "read-chunk": {
      "version": "2.1.0",
      "resolved": "https://registry.npmjs.org/read-chunk/-/read-chunk-2.1.0.tgz",
      "integrity": "sha1-agTAkoAF7Z1C4aasVgDhnLx/9lU=",
      "requires": {
        "pify": "^3.0.0",
        "safe-buffer": "^5.1.1"
      }
    },
    "safe-buffer": {
      "version": "5.1.2",
      "resolved": "https://registry.npmjs.org/safe-buffer/-/safe-buffer-5.1.2.tgz",
      "integrity": "sha512-Gd2UZBJDkXlY7GbJxfsE8/nvKkUEU1G38c1siN6QP6a9PT9MmHB8GnpscSmMJSoF8LOIrt8ud/wPtojys4G6+g=="
    },
    "universalify": {
      "version": "0.1.2",
      "resolved": "https://registry.npmjs.org/universalify/-/universalify-0.1.2.tgz",
      "integrity": "sha512-rBJeI5CXAlmy1pV+617WB9J63U6XcazHHF2f2dbJix4XzpUF0RS3Zbj0FGIOCAva5P/d/GBOYaACQ1w+0azUkg=="
    },
    "validator": {
      "version": "10.4.0",
      "resolved": "https://registry.npmjs.org/validator/-/validator-10.4.0.tgz",
      "integrity": "sha512-Q/wBy3LB1uOyssgNlXSRmaf22NxjvDNZM2MtIQ4jaEOAB61xsh1TQxsq1CgzUMBV1lDrVMogIh8GjG1DYW0zLg=="
    }
  }
}
